{
  "name": "pi",
  "lockfileVersion": 2,
  "requires": true,
  "packages": {
    "": {
      "dependencies": {
        "node-red-contrib-dht-sensor": "^1.0.4"
      }
    },
    "node_modules/node-addon-api": {
      "version": "1.7.2",
      "resolved": "https://registry.npmjs.org/node-addon-api/-/node-addon-api-1.7.2.tgz",
      "integrity": "sha512-ibPK3iA+vaY1eEjESkQkM0BbCqFOaZMiXRTtdB0u7b4djtY6JnsjvPdUHVMg6xQt3B8fpTTWHI9A+ADjM9frzg=="
    },
    "node_modules/node-dht-sensor": {
      "version": "0.4.3",
      "resolved": "https://registry.npmjs.org/node-dht-sensor/-/node-dht-sensor-0.4.3.tgz",
      "integrity": "sha512-DMJO6UjWiDF3WP0qAgzPXDAAMAT0VVedFbtCUU/jynIRPO2Sa+2zwA3d7ySriha87Tccd4e+kiJoOxSc9BkSKw==",
      "hasInstallScript": true,
      "dependencies": {
        "node-addon-api": "^1.6.3"
      }
    },
    "node_modules/node-red-contrib-dht-sensor": {
      "version": "1.0.4",
      "resolved": "https://registry.npmjs.org/node-red-contrib-dht-sensor/-/node-red-contrib-dht-sensor-1.0.4.tgz",
      "integrity": "sha512-WRIewJ/+kErqMsHp1nua3empgiIDvbah4rUzYPJEA9DPAti6sR2K4bVMLPPWvW0sZKfWsiYWujZBIxFHbZF/3w==",
      "dependencies": {
        "node-dht-sensor": "*"
      }
    }
  },
  "dependencies": {
    "node-addon-api": {
      "version": "1.7.2",
      "resolved": "https://registry.npmjs.org/node-addon-api/-/node-addon-api-1.7.2.tgz",
      "integrity": "sha512-ibPK3iA+vaY1eEjESkQkM0BbCqFOaZMiXRTtdB0u7b4djtY6JnsjvPdUHVMg6xQt3B8fpTTWHI9A+ADjM9frzg=="
    },
    "node-dht-sensor": {
      "version": "0.4.3",
      "resolved": "https://registry.npmjs.org/node-dht-sensor/-/node-dht-sensor-0.4.3.tgz",
      "integrity": "sha512-DMJO6UjWiDF3WP0qAgzPXDAAMAT0VVedFbtCUU/jynIRPO2Sa+2zwA3d7ySriha87Tccd4e+kiJoOxSc9BkSKw==",
      "requires": {
        "node-addon-api": "^1.6.3"
      }
    },
    "node-red-contrib-dht-sensor": {
      "version": "1.0.4",
      "resolved": "https://registry.npmjs.org/node-red-contrib-dht-sensor/-/node-red-contrib-dht-sensor-1.0.4.tgz",
      "integrity": "sha512-WRIewJ/+kErqMsHp1nua3empgiIDvbah4rUzYPJEA9DPAti6sR2K4bVMLPPWvW0sZKfWsiYWujZBIxFHbZF/3w==",
      "requires": {
        "node-dht-sensor": "*"
      }
    }
  }
}
